<?xml version="1.0" encoding="UTF-8"?>
<Scheme LastUpgradeVersion = "2620" version = "1.7">
   <BuildAction parallelizeBuildables = "YES" buildImplicitDependencies = "YES">
      <BuildActionEntries>
         <BuildActionEntry buildForTesting = "YES" buildForRunning = "YES" buildForProfiling = "YES" buildForArchiving = "YES" buildForAnalyzing = "YES">
            <BuildableReference BuildableIdentifier = "primary" BlueprintIdentifier = "ED1D182E2F619813000604A1" BuildableName = "BeachRampTV.app" BlueprintName = "BeachRampTV" ReferencedContainer = "container:BeachRamp.xcodeproj">
            </BuildableReference>
         </BuildActionEntry>
      </BuildActionEntries>
   </BuildAction>
   <TestAction buildConfiguration = "Debug" selectedDebuggerIdentifier = "Xcode.DebuggerFoundation.Debugger.LLDB" selectedLauncherIdentifier = "Xcode.DebuggerFoundation.Launcher.LLDB" shouldUseLaunchSchemeArgsEnv = "YES">
      <Testables>
         <TestableReference skipped = "NO">
            <BuildableReference BuildableIdentifier = "primary" BlueprintIdentifier = "ED1D183C2F619814000604A1" BuildableName = "BeachRampTVTests.xctest" BlueprintName = "BeachRampTVTests" ReferencedContainer = "container:BeachRamp.xcodeproj">
            </BuildableReference>
         </TestableReference>
         <TestableReference skipped = "NO">
            <BuildableReference BuildableIdentifier = "primary" BlueprintIdentifier = "ED1D18462F619814000604A1" BuildableName = "BeachRampTVUITests.xctest" BlueprintName = "BeachRampTVUITests" ReferencedContainer = "container:BeachRamp.xcodeproj">
            </BuildableReference>
         </TestableReference>
      </Testables>
   </TestAction>
   <LaunchAction buildConfiguration = "Debug" selectedDebuggerIdentifier = "Xcode.DebuggerFoundation.Debugger.LLDB" selectedLauncherIdentifier = "Xcode.DebuggerFoundation.Launcher.LLDB" launchStyle = "0" useCustomWorkingDirectory = "NO" ignoresPersistentStateOnLaunch = "NO" debugDocumentVersioning = "YES" debugServiceExtension = "internal" allowLocationSimulation = "YES">
      <BuildableProductRunnable runnableDebuggingMode = "0">
         <BuildableReference BuildableIdentifier = "primary" BlueprintIdentifier = "ED1D182E2F619813000604A1" BuildableName = "BeachRampTV.app" BlueprintName = "BeachRampTV" ReferencedContainer = "container:BeachRamp.xcodeproj">
         </BuildableReference>
      </BuildableProductRunnable>
   </LaunchAction>
   <ProfileAction buildConfiguration = "Release" shouldUseLaunchSchemeArgsEnv = "YES" savedToolIdentifier = "" useCustomWorkingDirectory = "NO" debugDocumentVersioning = "YES">
      <BuildableProductRunnable runnableDebuggingMode = "0">
         <BuildableReference BuildableIdentifier = "primary" BlueprintIdentifier = "ED1D182E2F619813000604A1" BuildableName = "BeachRampTV.app" BlueprintName = "BeachRampTV" ReferencedContainer = "container:BeachRamp.xcodeproj">
         </BuildableReference>
      </BuildableProductRunnable>
   </ProfileAction>
   <AnalyzeAction buildConfiguration = "Debug">
   </AnalyzeAction>
   <ArchiveAction buildConfiguration = "Release" revealArchiveInOrganizer = "YES">
   </ArchiveAction>
</Scheme>
