// !$*UTF8*$!
{
	archiveVersion = 1;
	classes = {
	};
	objectVersion = 77;
	objects = {

/* Begin PBXBuildFile section */
		ED1D17FE2F6197E6000604A1 /* BeachRampWatch Watch App.app in Embed Watch Content */ = {isa = PBXBuildFile; fileRef = ED1D17FD2F6197E6000604A1 /* BeachRampWatch Watch App.app */; settings = {ATTRIBUTES = (RemoveHeadersOnCopy, ); }; };
		ED1D18612F619990000604A1 /* BeachStatus in Frameworks */ = {isa = PBXBuildFile; productRef = ED1D18602F619990000604A1 /* BeachStatus */; };
		ED1D18632F61999B000604A1 /* BeachStatus in Frameworks */ = {isa = PBXBuildFile; productRef = ED1D18622F61999B000604A1 /* BeachStatus */; };
		ED7681652F60B75400B251E5 /* BeachStatus in Frameworks */ = {isa = PBXBuildFile; productRef = ED7681642F60B75400B251E5 /* BeachStatus */; };
/* End PBXBuildFile section */

/* Begin PBXContainerItemProxy section */
		ED1D17FF2F6197E6000604A1 /* PBXContainerItemProxy */ = {
			isa = PBXContainerItemProxy;
			containerPortal = ED7681042F60ADF300B251E5 /* Project object */;
			proxyType = 1;
			remoteGlobalIDString = ED1D17FC2F6197E6000604A1;
			remoteInfo = "BeachRampWatch Watch App";
		};
		ED1D180D2F6197E8000604A1 /* PBXContainerItemProxy */ = {
			isa = PBXContainerItemProxy;
			containerPortal = ED7681042F60ADF300B251E5 /* Project object */;
			proxyType = 1;
			remoteGlobalIDString = ED1D17FC2F6197E6000604A1;
			remoteInfo = "BeachRampWatch Watch App";
		};
		ED1D18172F6197E8000604A1 /* PBXContainerItemProxy */ = {
			isa = PBXContainerItemProxy;
			containerPortal = ED7681042F60ADF300B251E5 /* Project object */;
			proxyType = 1;
			remoteGlobalIDString = ED1D17FC2F6197E6000604A1;
			remoteInfo = "BeachRampWatch Watch App";
		};
		ED1D183E2F619814000604A1 /* PBXContainerItemProxy */ = {
			isa = PBXContainerItemProxy;
			containerPortal = ED7681042F60ADF300B251E5 /* Project object */;
			proxyType = 1;
			remoteGlobalIDString = ED1D182E2F619813000604A1;
			remoteInfo = BeachRampTV;
		};
		ED1D18482F619814000604A1 /* PBXContainerItemProxy */ = {
			isa = PBXContainerItemProxy;
			containerPortal = ED7681042F60ADF300B251E5 /* Project object */;
			proxyType = 1;
			remoteGlobalIDString = ED1D182E2F619813000604A1;
			remoteInfo = BeachRampTV;
		};
		ED76811C2F60ADF500B251E5 /* PBXContainerItemProxy */ = {
			isa = PBXContainerItemProxy;
			containerPortal = ED7681042F60ADF300B251E5 /* Project object */;
			proxyType = 1;
			remoteGlobalIDString = ED76810B2F60ADF300B251E5;
			remoteInfo = BeachRamp;
		};
		ED7681262F60ADF500B251E5 /* PBXContainerItemProxy */ = {
			isa = PBXContainerItemProxy;
			containerPortal = ED7681042F60ADF300B251E5 /* Project object */;
			proxyType = 1;
			remoteGlobalIDString = ED76810B2F60ADF300B251E5;
			remoteInfo = BeachRamp;
		};
/* End PBXContainerItemProxy section */

/* Begin PBXCopyFilesBuildPhase section */
		ED1D18202F6197E8000604A1 /* Embed Watch Content */ = {
			isa = PBXCopyFilesBuildPhase;
			buildActionMask = 2147483647;
			dstPath = "$(CONTENTS_FOLDER_PATH)/Watch";
			dstSubfolderSpec = 16;
			files = (
				ED1D17FE2F6197E6000604A1 /* BeachRampWatch Watch App.app in Embed Watch Content */,
			);
			name = "Embed Watch Content";
			runOnlyForDeploymentPostprocessing = 0;
		};
/* End PBXCopyFilesBuildPhase section */

/* Begin PBXFileReference section */
		ED1D17F82F6197E6000604A1 /* BeachRampWatch.app */ = {isa = PBXFileReference; explicitFileType = wrapper.application; includeInIndex = 0; path = BeachRampWatch.app; sourceTree = BUILT_PRODUCTS_DIR; };
		ED1D17FD2F6197E6000604A1 /* BeachRampWatch Watch App.app */ = {isa = PBXFileReference; explicitFileType = wrapper.application; includeInIndex = 0; path = "BeachRampWatch Watch App.app"; sourceTree = BUILT_PRODUCTS_DIR; };
		ED1D180C2F6197E8000604A1 /* BeachRampWatch Watch AppTests.xctest */ = {isa = PBXFileReference; explicitFileType = wrapper.cfbundle; includeInIndex = 0; path = "BeachRampWatch Watch AppTests.xctest"; sourceTree = BUILT_PRODUCTS_DIR; };
		ED1D18162F6197E8000604A1 /* BeachRampWatch Watch AppUITests.xctest */ = {isa = PBXFileReference; explicitFileType = wrapper.cfbundle; includeInIndex = 0; path = "BeachRampWatch Watch AppUITests.xctest"; sourceTree = BUILT_PRODUCTS_DIR; };
		ED1D182F2F619813000604A1 /* BeachRampTV.app */ = {isa = PBXFileReference; explicitFileType = wrapper.application; includeInIndex = 0; path = BeachRampTV.app; sourceTree = BUILT_PRODUCTS_DIR; };
		ED1D183D2F619814000604A1 /* BeachRampTVTests.xctest */ = {isa = PBXFileReference; explicitFileType = wrapper.cfbundle; includeInIndex = 0; path = BeachRampTVTests.xctest; sourceTree = BUILT_PRODUCTS_DIR; };
		ED1D18472F619814000604A1 /* BeachRampTVUITests.xctest */ = {isa = PBXFileReference; explicitFileType = wrapper.cfbundle; includeInIndex = 0; path = BeachRampTVUITests.xctest; sourceTree = BUILT_PRODUCTS_DIR; };
		ED76810C2F60ADF300B251E5 /* BeachRamp.app */ = {isa = PBXFileReference; explicitFileType = wrapper.application; includeInIndex = 0; path = BeachRamp.app; sourceTree = BUILT_PRODUCTS_DIR; };
		ED76811B2F60ADF500B251E5 /* BeachRampTests.xctest */ = {isa = PBXFileReference; explicitFileType = wrapper.cfbundle; includeInIndex = 0; path = BeachRampTests.xctest; sourceTree = BUILT_PRODUCTS_DIR; };
		ED7681252F60ADF500B251E5 /* BeachRampUITests.xctest */ = {isa = PBXFileReference; explicitFileType = wrapper.cfbundle; includeInIndex = 0; path = BeachRampUITests.xctest; sourceTree = BUILT_PRODUCTS_DIR; };
/* End PBXFileReference section */

/* Begin PBXFileSystemSynchronizedRootGroup section */
		ED1D18012F6197E6000604A1 /* BeachRampWatch Watch App */ = {
			isa = PBXFileSystemSynchronizedRootGroup;
			path = "BeachRampWatch Watch App";
			sourceTree = "<group>";
		};
		ED1D180F2F6197E8000604A1 /* BeachRampWatch Watch AppTests */ = {
			isa = PBXFileSystemSynchronizedRootGroup;
			path = "BeachRampWatch Watch AppTests";
			sourceTree = "<group>";
		};
		ED1D18192F6197E8000604A1 /* BeachRampWatch Watch AppUITests */ = {
			isa = PBXFileSystemSynchronizedRootGroup;
			path = "BeachRampWatch Watch AppUITests";
			sourceTree = "<group>";
		};
		ED1D18302F619813000604A1 /* BeachRampTV */ = {
			isa = PBXFileSystemSynchronizedRootGroup;
			path = BeachRampTV;
			sourceTree = "<group>";
		};
		ED1D18402F619814000604A1 /* BeachRampTVTests */ = {
			isa = PBXFileSystemSynchronizedRootGroup;
			path = BeachRampTVTests;
			sourceTree = "<group>";
		};
		ED1D184A2F619814000604A1 /* BeachRampTVUITests */ = {
			isa = PBXFileSystemSynchronizedRootGroup;
			path = BeachRampTVUITests;
			sourceTree = "<group>";
		};
		ED76810E2F60ADF300B251E5 /* BeachRamp */ = {
			isa = PBXFileSystemSynchronizedRootGroup;
			path = BeachRamp;
			sourceTree = "<group>";
		};
		ED76811E2F60ADF500B251E5 /* BeachRampTests */ = {
			isa = PBXFileSystemSynchronizedRootGroup;
			path = BeachRampTests;
			sourceTree = "<group>";
		};
		ED7681282F60ADF500B251E5 /* BeachRampUITests */ = {
			isa = PBXFileSystemSynchronizedRootGroup;
			path = BeachRampUITests;
			sourceTree = "<group>";
		};
/* End PBXFileSystemSynchronizedRootGroup section */

/* Begin PBXFrameworksBuildPhase section */
		ED1D17FA2F6197E6000604A1 /* Frameworks */ = {
			isa = PBXFrameworksBuildPhase;
			buildActionMask = 2147483647;
			files = (
				ED1D18612F619990000604A1 /* BeachStatus in Frameworks */,
			);
			runOnlyForDeploymentPostprocessing = 0;
		};
		ED1D18092F6197E8000604A1 /* Frameworks */ = {
			isa = PBXFrameworksBuildPhase;
			buildActionMask = 2147483647;
			files = (
			);
			runOnlyForDeploymentPostprocessing = 0;
		};
		ED1D18132F6197E8000604A1 /* Frameworks */ = {
			isa = PBXFrameworksBuildPhase;
			buildActionMask = 2147483647;
			files = (
			);
			runOnlyForDeploymentPostprocessing = 0;
		};
		ED1D182C2F619813000604A1 /* Frameworks */ = {
			isa = PBXFrameworksBuildPhase;
			buildActionMask = 2147483647;
			files = (
				ED1D18632F61999B000604A1 /* BeachStatus in Frameworks */,
			);
			runOnlyForDeploymentPostprocessing = 0;
		};
		ED1D183A2F619814000604A1 /* Frameworks */ = {
			isa = PBXFrameworksBuildPhase;
			buildActionMask = 2147483647;
			files = (
			);
			runOnlyForDeploymentPostprocessing = 0;
		};
		ED1D18442F619814000604A1 /* Frameworks */ = {
			isa = PBXFrameworksBuildPhase;
			buildActionMask = 2147483647;
			files = (
			);
			runOnlyForDeploymentPostprocessing = 0;
		};
		ED7681092F60ADF300B251E5 /* Frameworks */ = {
			isa = PBXFrameworksBuildPhase;
			buildActionMask = 2147483647;
			files = (
				ED7681652F60B75400B251E5 /* BeachStatus in Frameworks */,
			);
			runOnlyForDeploymentPostprocessing = 0;
		};
		ED7681182F60ADF500B251E5 /* Frameworks */ = {
			isa = PBXFrameworksBuildPhase;
			buildActionMask = 2147483647;
			files = (
			);
			runOnlyForDeploymentPostprocessing = 0;
		};
		ED7681222F60ADF500B251E5 /* Frameworks */ = {
			isa = PBXFrameworksBuildPhase;
			buildActionMask = 2147483647;
			files = (
			);
			runOnlyForDeploymentPostprocessing = 0;
		};
/* End PBXFrameworksBuildPhase section */

/* Begin PBXGroup section */
		ED7681032F60ADF300B251E5 = {
			isa = PBXGroup;
			children = (
				ED76810E2F60ADF300B251E5 /* BeachRamp */,
				ED76811E2F60ADF500B251E5 /* BeachRampTests */,
				ED7681282F60ADF500B251E5 /* BeachRampUITests */,
				ED1D18012F6197E6000604A1 /* BeachRampWatch Watch App */,
				ED1D180F2F6197E8000604A1 /* BeachRampWatch Watch AppTests */,
				ED1D18192F6197E8000604A1 /* BeachRampWatch Watch AppUITests */,
				ED1D18302F619813000604A1 /* BeachRampTV */,
				ED1D18402F619814000604A1 /* BeachRampTVTests */,
				ED1D184A2F619814000604A1 /* BeachRampTVUITests */,
				ED7681632F60B75400B251E5 /* Frameworks */,
				ED76810D2F60ADF300B251E5 /* Products */,
			);
			sourceTree = "<group>";
		};
		ED76810D2F60ADF300B251E5 /* Products */ = {
			isa = PBXGroup;
			children = (
				ED76810C2F60ADF300B251E5 /* BeachRamp.app */,
				ED76811B2F60ADF500B251E5 /* BeachRampTests.xctest */,
				ED7681252F60ADF500B251E5 /* BeachRampUITests.xctest */,
				ED1D17F82F6197E6000604A1 /* BeachRampWatch.app */,
				ED1D17FD2F6197E6000604A1 /* BeachRampWatch Watch App.app */,
				ED1D180C2F6197E8000604A1 /* BeachRampWatch Watch AppTests.xctest */,
				ED1D18162F6197E8000604A1 /* BeachRampWatch Watch AppUITests.xctest */,
				ED1D182F2F619813000604A1 /* BeachRampTV.app */,
				ED1D183D2F619814000604A1 /* BeachRampTVTests.xctest */,
				ED1D18472F619814000604A1 /* BeachRampTVUITests.xctest */,
			);
			name = Products;
			sourceTree = "<group>";
		};
		ED7681632F60B75400B251E5 /* Frameworks */ = {
			isa = PBXGroup;
			children = (
			);
			name = Frameworks;
			sourceTree = "<group>";
		};
/* End PBXGroup section */

/* Begin PBXNativeTarget section */
		ED1D17F72F6197E6000604A1 /* BeachRampWatch */ = {
			isa = PBXNativeTarget;
			buildConfigurationList = ED1D18282F6197E8000604A1 /* Build configuration list for PBXNativeTarget "BeachRampWatch" */;
			buildPhases = (
				ED1D17F62F6197E6000604A1 /* Resources */,
				ED1D18202F6197E8000604A1 /* Embed Watch Content */,
			);
			buildRules = (
			);
			dependencies = (
				ED1D18002F6197E6000604A1 /* PBXTargetDependency */,
			);
			name = BeachRampWatch;
			packageProductDependencies = (
			);
			productName = BeachRampWatch;
			productReference = ED1D17F82F6197E6000604A1 /* BeachRampWatch.app */;
			productType = "com.apple.product-type.application.watchapp2-container";
		};
		ED1D17FC2F6197E6000604A1 /* BeachRampWatch Watch App */ = {
			isa = PBXNativeTarget;
			buildConfigurationList = ED1D18272F6197E8000604A1 /* Build configuration list for PBXNativeTarget "BeachRampWatch Watch App" */;
			buildPhases = (
				ED1D17F92F6197E6000604A1 /* Sources */,
				ED1D17FA2F6197E6000604A1 /* Frameworks */,
				ED1D17FB2F6197E6000604A1 /* Resources */,
			);
			buildRules = (
			);
			dependencies = (
			);
			fileSystemSynchronizedGroups = (
				ED1D18012F6197E6000604A1 /* BeachRampWatch Watch App */,
			);
			name = "BeachRampWatch Watch App";
			packageProductDependencies = (
				ED1D18602F619990000604A1 /* BeachStatus */,
			);
			productName = "BeachRampWatch Watch App";
			productReference = ED1D17FD2F6197E6000604A1 /* BeachRampWatch Watch App.app */;
			productType = "com.apple.product-type.application";
		};
		ED1D180B2F6197E8000604A1 /* BeachRampWatch Watch AppTests */ = {
			isa = PBXNativeTarget;
			buildConfigurationList = ED1D18292F6197E8000604A1 /* Build configuration list for PBXNativeTarget "BeachRampWatch Watch AppTests" */;
			buildPhases = (
				ED1D18082F6197E8000604A1 /* Sources */,
				ED1D18092F6197E8000604A1 /* Frameworks */,
				ED1D180A2F6197E8000604A1 /* Resources */,
			);
			buildRules = (
			);
			dependencies = (
				ED1D180E2F6197E8000604A1 /* PBXTargetDependency */,
			);
			fileSystemSynchronizedGroups = (
				ED1D180F2F6197E8000604A1 /* BeachRampWatch Watch AppTests */,
			);
			name = "BeachRampWatch Watch AppTests";
			packageProductDependencies = (
			);
			productName = "BeachRampWatch Watch AppTests";
			productReference = ED1D180C2F6197E8000604A1 /* BeachRampWatch Watch AppTests.xctest */;
			productType = "com.apple.product-type.bundle.unit-test";
		};
		ED1D18152F6197E8000604A1 /* BeachRampWatch Watch AppUITests */ = {
			isa = PBXNativeTarget;
			buildConfigurationList = ED1D182A2F6197E8000604A1 /* Build configuration list for PBXNativeTarget "BeachRampWatch Watch AppUITests" */;
			buildPhases = (
				ED1D18122F6197E8000604A1 /* Sources */,
				ED1D18132F6197E8000604A1 /* Frameworks */,
				ED1D18142F6197E8000604A1 /* Resources */,
			);
			buildRules = (
			);
			dependencies = (
				ED1D18182F6197E8000604A1 /* PBXTargetDependency */,
			);
			fileSystemSynchronizedGroups = (
				ED1D18192F6197E8000604A1 /* BeachRampWatch Watch AppUITests */,
			);
			name = "BeachRampWatch Watch AppUITests";
			packageProductDependencies = (
			);
			productName = "BeachRampWatch Watch AppUITests";
			productReference = ED1D18162F6197E8000604A1 /* BeachRampWatch Watch AppUITests.xctest */;
			productType = "com.apple.product-type.bundle.ui-testing";
		};
		ED1D182E2F619813000604A1 /* BeachRampTV */ = {
			isa = PBXNativeTarget;
			buildConfigurationList = ED1D184F2F619814000604A1 /* Build configuration list for PBXNativeTarget "BeachRampTV" */;
			buildPhases = (
				ED1D182B2F619813000604A1 /* Sources */,
				ED1D182C2F619813000604A1 /* Frameworks */,
				ED1D182D2F619813000604A1 /* Resources */,
			);
			buildRules = (
			);
			dependencies = (
			);
			fileSystemSynchronizedGroups = (
				ED1D18302F619813000604A1 /* BeachRampTV */,
			);
			name = BeachRampTV;
			packageProductDependencies = (
				ED1D18622F61999B000604A1 /* BeachStatus */,
			);
			productName = BeachRampTV;
			productReference = ED1D182F2F619813000604A1 /* BeachRampTV.app */;
			productType = "com.apple.product-type.application";
		};
		ED1D183C2F619814000604A1 /* BeachRampTVTests */ = {
			isa = PBXNativeTarget;
			buildConfigurationList = ED1D18522F619814000604A1 /* Build configuration list for PBXNativeTarget "BeachRampTVTests" */;
			buildPhases = (
				ED1D18392F619814000604A1 /* Sources */,
				ED1D183A2F619814000604A1 /* Frameworks */,
				ED1D183B2F619814000604A1 /* Resources */,
			);
			buildRules = (
			);
			dependencies = (
				ED1D183F2F619814000604A1 /* PBXTargetDependency */,
			);
			fileSystemSynchronizedGroups = (
				ED1D18402F619814000604A1 /* BeachRampTVTests */,
			);
			name = BeachRampTVTests;
			packageProductDependencies = (
			);
			productName = BeachRampTVTests;
			productReference = ED1D183D2F619814000604A1 /* BeachRampTVTests.xctest */;
			productType = "com.apple.product-type.bundle.unit-test";
		};
		ED1D18462F619814000604A1 /* BeachRampTVUITests */ = {
			isa = PBXNativeTarget;
			buildConfigurationList = ED1D18552F619814000604A1 /* Build configuration list for PBXNativeTarget "BeachRampTVUITests" */;
			buildPhases = (
				ED1D18432F619814000604A1 /* Sources */,
				ED1D18442F619814000604A1 /* Frameworks */,
				ED1D18452F619814000604A1 /* Resources */,
			);
			buildRules = (
			);
			dependencies = (
				ED1D18492F619814000604A1 /* PBXTargetDependency */,
			);
			fileSystemSynchronizedGroups = (
				ED1D184A2F619814000604A1 /* BeachRampTVUITests */,
			);
			name = BeachRampTVUITests;
			packageProductDependencies = (
			);
			productName = BeachRampTVUITests;
			productReference = ED1D18472F619814000604A1 /* BeachRampTVUITests.xctest */;
			productType = "com.apple.product-type.bundle.ui-testing";
		};
		ED76810B2F60ADF300B251E5 /* BeachRamp */ = {
			isa = PBXNativeTarget;
			buildConfigurationList = ED76812F2F60ADF500B251E5 /* Build configuration list for PBXNativeTarget "BeachRamp" */;
			buildPhases = (
				ED7681082F60ADF300B251E5 /* Sources */,
				ED7681092F60ADF300B251E5 /* Frameworks */,
				ED76810A2F60ADF300B251E5 /* Resources */,
			);
			buildRules = (
			);
			dependencies = (
			);
			fileSystemSynchronizedGroups = (
				ED76810E2F60ADF300B251E5 /* BeachRamp */,
			);
			name = BeachRamp;
			packageProductDependencies = (
				ED7681642F60B75400B251E5 /* BeachStatus */,
			);
			productName = BeachRamp;
			productReference = ED76810C2F60ADF300B251E5 /* BeachRamp.app */;
			productType = "com.apple.product-type.application";
		};
		ED76811A2F60ADF500B251E5 /* BeachRampTests */ = {
			isa = PBXNativeTarget;
			buildConfigurationList = ED7681322F60ADF500B251E5 /* Build configuration list for PBXNativeTarget "BeachRampTests" */;
			buildPhases = (
				ED7681172F60ADF500B251E5 /* Sources */,
				ED7681182F60ADF500B251E5 /* Frameworks */,
				ED7681192F60ADF500B251E5 /* Resources */,
			);
			buildRules = (
			);
			dependencies = (
				ED76811D2F60ADF500B251E5 /* PBXTargetDependency */,
			);
			fileSystemSynchronizedGroups = (
				ED76811E2F60ADF500B251E5 /* BeachRampTests */,
			);
			name = BeachRampTests;
			packageProductDependencies = (
			);
			productName = BeachRampTests;
			productReference = ED76811B2F60ADF500B251E5 /* BeachRampTests.xctest */;
			productType = "com.apple.product-type.bundle.unit-test";
		};
		ED7681242F60ADF500B251E5 /* BeachRampUITests */ = {
			isa = PBXNativeTarget;
			buildConfigurationList = ED7681352F60ADF500B251E5 /* Build configuration list for PBXNativeTarget "BeachRampUITests" */;
			buildPhases = (
				ED7681212F60ADF500B251E5 /* Sources */,
				ED7681222F60ADF500B251E5 /* Frameworks */,
				ED7681232F60ADF500B251E5 /* Resources */,
			);
			buildRules = (
			);
			dependencies = (
				ED7681272F60ADF500B251E5 /* PBXTargetDependency */,
			);
			fileSystemSynchronizedGroups = (
				ED7681282F60ADF500B251E5 /* BeachRampUITests */,
			);
			name = BeachRampUITests;
			packageProductDependencies = (
			);
			productName = BeachRampUITests;
			productReference = ED7681252F60ADF500B251E5 /* BeachRampUITests.xctest */;
			productType = "com.apple.product-type.bundle.ui-testing";
		};
/* End PBXNativeTarget section */

/* Begin PBXProject section */
		ED7681042F60ADF300B251E5 /* Project object */ = {
			isa = PBXProject;
			attributes = {
				BuildIndependentTargetsInParallel = 1;
				LastSwiftUpdateCheck = 2630;
				LastUpgradeCheck = 2630;
				TargetAttributes = {
					ED1D17F72F6197E6000604A1 = {
						CreatedOnToolsVersion = 26.3;
					};
					ED1D17FC2F6197E6000604A1 = {
						CreatedOnToolsVersion = 26.3;
					};
					ED1D180B2F6197E8000604A1 = {
						CreatedOnToolsVersion = 26.3;
						TestTargetID = ED1D17FC2F6197E6000604A1;
					};
					ED1D18152F6197E8000604A1 = {
						CreatedOnToolsVersion = 26.3;
						TestTargetID = ED1D17FC2F6197E6000604A1;
					};
					ED1D182E2F619813000604A1 = {
						CreatedOnToolsVersion = 26.3;
					};
					ED1D183C2F619814000604A1 = {
						CreatedOnToolsVersion = 26.3;
						TestTargetID = ED1D182E2F619813000604A1;
					};
					ED1D18462F619814000604A1 = {
						CreatedOnToolsVersion = 26.3;
						TestTargetID = ED1D182E2F619813000604A1;
					};
					ED76810B2F60ADF300B251E5 = {
						CreatedOnToolsVersion = 26.3;
					};
					ED76811A2F60ADF500B251E5 = {
						CreatedOnToolsVersion = 26.3;
						TestTargetID = ED76810B2F60ADF300B251E5;
					};
					ED7681242F60ADF500B251E5 = {
						CreatedOnToolsVersion = 26.3;
						TestTargetID = ED76810B2F60ADF300B251E5;
					};
				};
			};
			buildConfigurationList = ED7681072F60ADF300B251E5 /* Build configuration list for PBXProject "BeachRamp" */;
			developmentRegion = en;
			hasScannedForEncodings = 0;
			knownRegions = (
				en,
				Base,
			);
			mainGroup = ED7681032F60ADF300B251E5;
			minimizedProjectReferenceProxies = 1;
			packageReferences = (
				ED76814D2F60B65200B251E5 /* XCLocalSwiftPackageReference "BeachStatus" */,
			);
			preferredProjectObjectVersion = 77;
			productRefGroup = ED76810D2F60ADF300B251E5 /* Products */;
			projectDirPath = "";
			projectRoot = "";
			targets = (
				ED76810B2F60ADF300B251E5 /* BeachRamp */,
				ED76811A2F60ADF500B251E5 /* BeachRampTests */,
				ED7681242F60ADF500B251E5 /* BeachRampUITests */,
				ED1D17F72F6197E6000604A1 /* BeachRampWatch */,
				ED1D17FC2F6197E6000604A1 /* BeachRampWatch Watch App */,
				ED1D180B2F6197E8000604A1 /* BeachRampWatch Watch AppTests */,
				ED1D18152F6197E8000604A1 /* BeachRampWatch Watch AppUITests */,
				ED1D182E2F619813000604A1 /* BeachRampTV */,
				ED1D183C2F619814000604A1 /* BeachRampTVTests */,
				ED1D18462F619814000604A1 /* BeachRampTVUITests */,
			);
		};
/* End PBXProject section */

/* Begin PBXResourcesBuildPhase section */
		ED1D17F62F6197E6000604A1 /* Resources */ = {
			isa = PBXResourcesBuildPhase;
			buildActionMask = 2147483647;
			files = (
			);
			runOnlyForDeploymentPostprocessing = 0;
		};
		ED1D17FB2F6197E6000604A1 /* Resources */ = {
			isa = PBXResourcesBuildPhase;
			buildActionMask = 2147483647;
			files = (
			);
			runOnlyForDeploymentPostprocessing = 0;
		};
		ED1D180A2F6197E8000604A1 /* Resources */ = {
			isa = PBXResourcesBuildPhase;
			buildActionMask = 2147483647;
			files = (
			);
			runOnlyForDeploymentPostprocessing = 0;
		};
		ED1D18142F6197E8000604A1 /* Resources */ = {
			isa = PBXResourcesBuildPhase;
			buildActionMask = 2147483647;
			files = (
			);
			runOnlyForDeploymentPostprocessing = 0;
		};
		ED1D182D2F619813000604A1 /* Resources */ = {
			isa = PBXResourcesBuildPhase;
			buildActionMask = 2147483647;
			files = (
			);
			runOnlyForDeploymentPostprocessing = 0;
		};
		ED1D183B2F619814000604A1 /* Resources */ = {
			isa = PBXResourcesBuildPhase;
			buildActionMask = 2147483647;
			files = (
			);
			runOnlyForDeploymentPostprocessing = 0;
		};
		ED1D18452F619814000604A1 /* Resources */ = {
			isa = PBXResourcesBuildPhase;
			buildActionMask = 2147483647;
			files = (
			);
			runOnlyForDeploymentPostprocessing = 0;
		};
		ED76810A2F60ADF300B251E5 /* Resources */ = {
			isa = PBXResourcesBuildPhase;
			buildActionMask = 2147483647;
			files = (
			);
			runOnlyForDeploymentPostprocessing = 0;
		};
		ED7681192F60ADF500B251E5 /* Resources */ = {
			isa = PBXResourcesBuildPhase;
			buildActionMask = 2147483647;
			files = (
			);
			runOnlyForDeploymentPostprocessing = 0;
		};
		ED7681232F60ADF500B251E5 /* Resources */ = {
			isa = PBXResourcesBuildPhase;
			buildActionMask = 2147483647;
			files = (
			);
			runOnlyForDeploymentPostprocessing = 0;
		};
/* End PBXResourcesBuildPhase section */

/* Begin PBXSourcesBuildPhase section */
		ED1D17F92F6197E6000604A1 /* Sources */ = {
			isa = PBXSourcesBuildPhase;
			buildActionMask = 2147483647;
			files = (
			);
			runOnlyForDeploymentPostprocessing = 0;
		};
		ED1D18082F6197E8000604A1 /* Sources */ = {
			isa = PBXSourcesBuildPhase;
			buildActionMask = 2147483647;
			files = (
			);
			runOnlyForDeploymentPostprocessing = 0;
		};
		ED1D18122F6197E8000604A1 /* Sources */ = {
			isa = PBXSourcesBuildPhase;
			buildActionMask = 2147483647;
			files = (
			);
			runOnlyForDeploymentPostprocessing = 0;
		};
		ED1D182B2F619813000604A1 /* Sources */ = {
			isa = PBXSourcesBuildPhase;
			buildActionMask = 2147483647;
			files = (
			);
			runOnlyForDeploymentPostprocessing = 0;
		};
		ED1D18392F619814000604A1 /* Sources */ = {
			isa = PBXSourcesBuildPhase;
			buildActionMask = 2147483647;
			files = (
			);
			runOnlyForDeploymentPostprocessing = 0;
		};
		ED1D18432F619814000604A1 /* Sources */ = {
			isa = PBXSourcesBuildPhase;
			buildActionMask = 2147483647;
			files = (
			);
			runOnlyForDeploymentPostprocessing = 0;
		};
		ED7681082F60ADF300B251E5 /* Sources */ = {
			isa = PBXSourcesBuildPhase;
			buildActionMask = 2147483647;
			files = (
			);
			runOnlyForDeploymentPostprocessing = 0;
		};
		ED7681172F60ADF500B251E5 /* Sources */ = {
			isa = PBXSourcesBuildPhase;
			buildActionMask = 2147483647;
			files = (
			);
			runOnlyForDeploymentPostprocessing = 0;
		};
		ED7681212F60ADF500B251E5 /* Sources */ = {
			isa = PBXSourcesBuildPhase;
			buildActionMask = 2147483647;
			files = (
			);
			runOnlyForDeploymentPostprocessing = 0;
		};
/* End PBXSourcesBuildPhase section */

/* Begin PBXTargetDependency section */
		ED1D18002F6197E6000604A1 /* PBXTargetDependency */ = {
			isa = PBXTargetDependency;
			target = ED1D17FC2F6197E6000604A1 /* BeachRampWatch Watch App */;
			targetProxy = ED1D17FF2F6197E6000604A1 /* PBXContainerItemProxy */;
		};
		ED1D180E2F6197E8000604A1 /* PBXTargetDependency */ = {
			isa = PBXTargetDependency;
			target = ED1D17FC2F6197E6000604A1 /* BeachRampWatch Watch App */;
			targetProxy = ED1D180D2F6197E8000604A1 /* PBXContainerItemProxy */;
		};
		ED1D18182F6197E8000604A1 /* PBXTargetDependency */ = {
			isa = PBXTargetDependency;
			target = ED1D17FC2F6197E6000604A1 /* BeachRampWatch Watch App */;
			targetProxy = ED1D18172F6197E8000604A1 /* PBXContainerItemProxy */;
		};
		ED1D183F2F619814000604A1 /* PBXTargetDependency */ = {
			isa = PBXTargetDependency;
			target = ED1D182E2F619813000604A1 /* BeachRampTV */;
			targetProxy = ED1D183E2F619814000604A1 /* PBXContainerItemProxy */;
		};
		ED1D18492F619814000604A1 /* PBXTargetDependency */ = {
			isa = PBXTargetDependency;
			target = ED1D182E2F619813000604A1 /* BeachRampTV */;
			targetProxy = ED1D18482F619814000604A1 /* PBXContainerItemProxy */;
		};
		ED76811D2F60ADF500B251E5 /* PBXTargetDependency */ = {
			isa = PBXTargetDependency;
			target = ED76810B2F60ADF300B251E5 /* BeachRamp */;
			targetProxy = ED76811C2F60ADF500B251E5 /* PBXContainerItemProxy */;
		};
		ED7681272F60ADF500B251E5 /* PBXTargetDependency */ = {
			isa = PBXTargetDependency;
			target = ED76810B2F60ADF300B251E5 /* BeachRamp */;
			targetProxy = ED7681262F60ADF500B251E5 /* PBXContainerItemProxy */;
		};
/* End PBXTargetDependency section */

/* Begin XCBuildConfiguration section */
		ED1D181E2F6197E8000604A1 /* Debug */ = {
			isa = XCBuildConfiguration;
			buildSettings = {
				CODE_SIGN_STYLE = Automatic;
				CURRENT_PROJECT_VERSION = 1;
				DEVELOPMENT_TEAM = YR2B55YA56;
				INFOPLIST_KEY_CFBundleDisplayName = BeachRampWatch;
				MARKETING_VERSION = 1.0;
				PRODUCT_BUNDLE_IDENTIFIER = com.donwb.BeachRampWatch;
				PRODUCT_NAME = "$(TARGET_NAME)";
				SDKROOT = iphoneos;
				SWIFT_APPROACHABLE_CONCURRENCY = YES;
				SWIFT_UPCOMING_FEATURE_MEMBER_IMPORT_VISIBILITY = YES;
				SWIFT_VERSION = 5.0;
			};
			name = Debug;
		};
		ED1D181F2F6197E8000604A1 /* Release */ = {
			isa = XCBuildConfiguration;
			buildSettings = {
				CODE_SIGN_STYLE = Automatic;
				CURRENT_PROJECT_VERSION = 1;
				DEVELOPMENT_TEAM = YR2B55YA56;
				INFOPLIST_KEY_CFBundleDisplayName = BeachRampWatch;
				MARKETING_VERSION = 1.0;
				PRODUCT_BUNDLE_IDENTIFIER = com.donwb.BeachRampWatch;
				PRODUCT_NAME = "$(TARGET_NAME)";
				SDKROOT = iphoneos;
				SWIFT_APPROACHABLE_CONCURRENCY = YES;
				SWIFT_UPCOMING_FEATURE_MEMBER_IMPORT_VISIBILITY = YES;
				SWIFT_VERSION = 5.0;
				VALIDATE_PRODUCT = YES;
			};
			name = Release;
		};
		ED1D18212F6197E8000604A1 /* Debug */ = {
			isa = XCBuildConfiguration;
			buildSettings = {
				ASSETCATALOG_COMPILER_APPICON_NAME = AppIcon;
				ASSETCATALOG_COMPILER_GLOBAL_ACCENT_COLOR_NAME = AccentColor;
				CODE_SIGN_STYLE = Automatic;
				CURRENT_PROJECT_VERSION = 1;
				DEVELOPMENT_TEAM = YR2B55YA56;
				ENABLE_PREVIEWS = YES;
				GENERATE_INFOPLIST_FILE = YES;
				INFOPLIST_KEY_CFBundleDisplayName = BeachRampWatch;
				INFOPLIST_KEY_UISupportedInterfaceOrientations = "UIInterfaceOrientationPortrait UIInterfaceOrientationPortraitUpsideDown";
				INFOPLIST_KEY_WKWatchOnly = YES;
				LD_RUNPATH_SEARCH_PATHS = (
					"$(inherited)",
					"@executable_path/Frameworks",
				);
				MARKETING_VERSION = 1.0;
				PRODUCT_BUNDLE_IDENTIFIER = com.donwb.BeachRampWatch.watchkitapp;
				PRODUCT_NAME = "$(TARGET_NAME)";
				SDKROOT = watchos;
				SKIP_INSTALL = YES;
				STRING_CATALOG_GENERATE_SYMBOLS = YES;
				SWIFT_APPROACHABLE_CONCURRENCY = YES;
				SWIFT_DEFAULT_ACTOR_ISOLATION = MainActor;
				SWIFT_EMIT_LOC_STRINGS = YES;
				SWIFT_UPCOMING_FEATURE_MEMBER_IMPORT_VISIBILITY = YES;
				SWIFT_VERSION = 5.0;
				TARGETED_DEVICE_FAMILY = 4;
				WATCHOS_DEPLOYMENT_TARGET = 26.2;
			};
			name = Debug;
		};
		ED1D18222F6197E8000604A1 /* Release */ = {
			isa = XCBuildConfiguration;
			buildSettings = {
				ASSETCATALOG_COMPILER_APPICON_NAME = AppIcon;
				ASSETCATALOG_COMPILER_GLOBAL_ACCENT_COLOR_NAME = AccentColor;
				CODE_SIGN_STYLE = Automatic;
				CURRENT_PROJECT_VERSION = 1;
				DEVELOPMENT_TEAM = YR2B55YA56;
				ENABLE_PREVIEWS = YES;
				GENERATE_INFOPLIST_FILE = YES;
				INFOPLIST_KEY_CFBundleDisplayName = BeachRampWatch;
				INFOPLIST_KEY_UISupportedInterfaceOrientations = "UIInterfaceOrientationPortrait UIInterfaceOrientationPortraitUpsideDown";
				INFOPLIST_KEY_WKWatchOnly = YES;
				LD_RUNPATH_SEARCH_PATHS = (
					"$(inherited)",
					"@executable_path/Frameworks",
				);
				MARKETING_VERSION = 1.0;
				PRODUCT_BUNDLE_IDENTIFIER = com.donwb.BeachRampWatch.watchkitapp;
				PRODUCT_NAME = "$(TARGET_NAME)";
				SDKROOT = watchos;
				SKIP_INSTALL = YES;
				STRING_CATALOG_GENERATE_SYMBOLS = YES;
				SWIFT_APPROACHABLE_CONCURRENCY = YES;
				SWIFT_DEFAULT_ACTOR_ISOLATION = MainActor;
				SWIFT_EMIT_LOC_STRINGS = YES;
				SWIFT_UPCOMING_FEATURE_MEMBER_IMPORT_VISIBILITY = YES;
				SWIFT_VERSION = 5.0;
				TARGETED_DEVICE_FAMILY = 4;
				VALIDATE_PRODUCT = YES;
				WATCHOS_DEPLOYMENT_TARGET = 26.2;
			};
			name = Release;
		};
		ED1D18232F6197E8000604A1 /* Debug */ = {
			isa = XCBuildConfiguration;
			buildSettings = {
				BUNDLE_LOADER = "$(TEST_HOST)";
				CODE_SIGN_STYLE = Automatic;
				CURRENT_PROJECT_VERSION = 1;
				DEVELOPMENT_TEAM = YR2B55YA56;
				GENERATE_INFOPLIST_FILE = YES;
				MARKETING_VERSION = 1.0;
				PRODUCT_BUNDLE_IDENTIFIER = "com.donwb.BeachRampWatch-Watch-AppTests";
				PRODUCT_NAME = "$(TARGET_NAME)";
				SDKROOT = watchos;
				STRING_CATALOG_GENERATE_SYMBOLS = NO;
				SWIFT_APPROACHABLE_CONCURRENCY = YES;
				SWIFT_EMIT_LOC_STRINGS = NO;
				SWIFT_UPCOMING_FEATURE_MEMBER_IMPORT_VISIBILITY = YES;
				SWIFT_VERSION = 5.0;
				TARGETED_DEVICE_FAMILY = 4;
				TEST_HOST = "$(BUILT_PRODUCTS_DIR)/BeachRampWatch Watch App.app/$(BUNDLE_EXECUTABLE_FOLDER_PATH)/BeachRampWatch Watch App";
				WATCHOS_DEPLOYMENT_TARGET = 26.2;
			};
			name = Debug;
		};
		ED1D18242F6197E8000604A1 /* Release */ = {
			isa = XCBuildConfiguration;
			buildSettings = {
				BUNDLE_LOADER = "$(TEST_HOST)";
				CODE_SIGN_STYLE = Automatic;
				CURRENT_PROJECT_VERSION = 1;
				DEVELOPMENT_TEAM = YR2B55YA56;
				GENERATE_INFOPLIST_FILE = YES;
				MARKETING_VERSION = 1.0;
				PRODUCT_BUNDLE_IDENTIFIER = "com.donwb.BeachRampWatch-Watch-AppTests";
				PRODUCT_NAME = "$(TARGET_NAME)";
				SDKROOT = watchos;
				STRING_CATALOG_GENERATE_SYMBOLS = NO;
				SWIFT_APPROACHABLE_CONCURRENCY = YES;
				SWIFT_EMIT_LOC_STRINGS = NO;
				SWIFT_UPCOMING_FEATURE_MEMBER_IMPORT_VISIBILITY = YES;
				SWIFT_VERSION = 5.0;
				TARGETED_DEVICE_FAMILY = 4;
				TEST_HOST = "$(BUILT_PRODUCTS_DIR)/BeachRampWatch Watch App.app/$(BUNDLE_EXECUTABLE_FOLDER_PATH)/BeachRampWatch Watch App";
				VALIDATE_PRODUCT = YES;
				WATCHOS_DEPLOYMENT_TARGET = 26.2;
			};
			name = Release;
		};
		ED1D18252F6197E8000604A1 /* Debug */ = {
			isa = XCBuildConfiguration;
			buildSettings = {
				CODE_SIGN_STYLE = Automatic;
				CURRENT_PROJECT_VERSION = 1;
				DEVELOPMENT_TEAM = YR2B55YA56;
				GENERATE_INFOPLIST_FILE = YES;
				MARKETING_VERSION = 1.0;
				PRODUCT_BUNDLE_IDENTIFIER = "com.donwb.BeachRampWatch-Watch-AppUITests";
				PRODUCT_NAME = "$(TARGET_NAME)";
				SDKROOT = watchos;
				STRING_CATALOG_GENERATE_SYMBOLS = NO;
				SWIFT_APPROACHABLE_CONCURRENCY = YES;
				SWIFT_EMIT_LOC_STRINGS = NO;
				SWIFT_UPCOMING_FEATURE_MEMBER_IMPORT_VISIBILITY = YES;
				SWIFT_VERSION = 5.0;
				TARGETED_DEVICE_FAMILY = 4;
				TEST_TARGET_NAME = "BeachRampWatch Watch App";
				WATCHOS_DEPLOYMENT_TARGET = 26.2;
			};
			name = Debug;
		};
		ED1D18262F6197E8000604A1 /* Release */ = {
			isa = XCBuildConfiguration;
			buildSettings = {
				CODE_SIGN_STYLE = Automatic;
				CURRENT_PROJECT_VERSION = 1;
				DEVELOPMENT_TEAM = YR2B55YA56;
				GENERATE_INFOPLIST_FILE = YES;
				MARKETING_VERSION = 1.0;
				PRODUCT_BUNDLE_IDENTIFIER = "com.donwb.BeachRampWatch-Watch-AppUITests";
				PRODUCT_NAME = "$(TARGET_NAME)";
				SDKROOT = watchos;
				STRING_CATALOG_GENERATE_SYMBOLS = NO;
				SWIFT_APPROACHABLE_CONCURRENCY = YES;
				SWIFT_EMIT_LOC_STRINGS = NO;
				SWIFT_UPCOMING_FEATURE_MEMBER_IMPORT_VISIBILITY = YES;
				SWIFT_VERSION = 5.0;
				TARGETED_DEVICE_FAMILY = 4;
				TEST_TARGET_NAME = "BeachRampWatch Watch App";
				VALIDATE_PRODUCT = YES;
				WATCHOS_DEPLOYMENT_TARGET = 26.2;
			};
			name = Release;
		};
		ED1D18502F619814000604A1 /* Debug */ = {
			isa = XCBuildConfiguration;
			buildSettings = {
				ASSETCATALOG_COMPILER_APPICON_NAME = "App Icon & Top Shelf Image";
				ASSETCATALOG_COMPILER_GLOBAL_ACCENT_COLOR_NAME = AccentColor;
				CODE_SIGN_STYLE = Automatic;
				CURRENT_PROJECT_VERSION = 1;
				DEVELOPMENT_TEAM = YR2B55YA56;
				ENABLE_PREVIEWS = YES;
				GENERATE_INFOPLIST_FILE = YES;
				INFOPLIST_KEY_UILaunchScreen_Generation = YES;
				INFOPLIST_KEY_UIUserInterfaceStyle = Automatic;
				LD_RUNPATH_SEARCH_PATHS = (
					"$(inherited)",
					"@executable_path/Frameworks",
				);
				MARKETING_VERSION = 1.0;
				PRODUCT_BUNDLE_IDENTIFIER = com.donwb.BeachRampTV;
				PRODUCT_NAME = "$(TARGET_NAME)";
				SDKROOT = appletvos;
				STRING_CATALOG_GENERATE_SYMBOLS = YES;
				SWIFT_APPROACHABLE_CONCURRENCY = YES;
				SWIFT_DEFAULT_ACTOR_ISOLATION = MainActor;
				SWIFT_EMIT_LOC_STRINGS = YES;
				SWIFT_UPCOMING_FEATURE_MEMBER_IMPORT_VISIBILITY = YES;
				SWIFT_VERSION = 5.0;
				TARGETED_DEVICE_FAMILY = 3;
				TVOS_DEPLOYMENT_TARGET = 26.2;
			};
			name = Debug;
		};
		ED1D18512F619814000604A1 /* Release */ = {
			isa = XCBuildConfiguration;
			buildSettings = {
				ASSETCATALOG_COMPILER_APPICON_NAME = "App Icon & Top Shelf Image";
				ASSETCATALOG_COMPILER_GLOBAL_ACCENT_COLOR_NAME = AccentColor;
				CODE_SIGN_STYLE = Automatic;
				CURRENT_PROJECT_VERSION = 1;
				DEVELOPMENT_TEAM = YR2B55YA56;
				ENABLE_PREVIEWS = YES;
				GENERATE_INFOPLIST_FILE = YES;
				INFOPLIST_KEY_UILaunchScreen_Generation = YES;
				INFOPLIST_KEY_UIUserInterfaceStyle = Automatic;
				LD_RUNPATH_SEARCH_PATHS = (
					"$(inherited)",
					"@executable_path/Frameworks",
				);
				MARKETING_VERSION = 1.0;
				PRODUCT_BUNDLE_IDENTIFIER = com.donwb.BeachRampTV;
				PRODUCT_NAME = "$(TARGET_NAME)";
				SDKROOT = appletvos;
				STRING_CATALOG_GENERATE_SYMBOLS = YES;
				SWIFT_APPROACHABLE_CONCURRENCY = YES;
				SWIFT_DEFAULT_ACTOR_ISOLATION = MainActor;
				SWIFT_EMIT_LOC_STRINGS = YES;
				SWIFT_UPCOMING_FEATURE_MEMBER_IMPORT_VISIBILITY = YES;
				SWIFT_VERSION = 5.0;
				TARGETED_DEVICE_FAMILY = 3;
				TVOS_DEPLOYMENT_TARGET = 26.2;
				VALIDATE_PRODUCT = YES;
			};
			name = Release;
		};
		ED1D18532F619814000604A1 /* Debug */ = {
			isa = XCBuildConfiguration;
			buildSettings = {
				BUNDLE_LOADER = "$(TEST_HOST)";
				CODE_SIGN_STYLE = Automatic;
				CURRENT_PROJECT_VERSION = 1;
				DEVELOPMENT_TEAM = YR2B55YA56;
				GENERATE_INFOPLIST_FILE = YES;
				MARKETING_VERSION = 1.0;
				PRODUCT_BUNDLE_IDENTIFIER = com.donwb.BeachRampTVTests;
				PRODUCT_NAME = "$(TARGET_NAME)";
				SDKROOT = appletvos;
				STRING_CATALOG_GENERATE_SYMBOLS = NO;
				SWIFT_APPROACHABLE_CONCURRENCY = YES;
				SWIFT_EMIT_LOC_STRINGS = NO;
				SWIFT_UPCOMING_FEATURE_MEMBER_IMPORT_VISIBILITY = YES;
				SWIFT_VERSION = 5.0;
				TARGETED_DEVICE_FAMILY = 3;
				TEST_HOST = "$(BUILT_PRODUCTS_DIR)/BeachRampTV.app/$(BUNDLE_EXECUTABLE_FOLDER_PATH)/BeachRampTV";
				TVOS_DEPLOYMENT_TARGET = 26.2;
			};
			name = Debug;
		};
		ED1D18542F619814000604A1 /* Release */ = {
			isa = XCBuildConfiguration;
			buildSettings = {
				BUNDLE_LOADER = "$(TEST_HOST)";
				CODE_SIGN_STYLE = Automatic;
				CURRENT_PROJECT_VERSION = 1;
				DEVELOPMENT_TEAM = YR2B55YA56;
				GENERATE_INFOPLIST_FILE = YES;
				MARKETING_VERSION = 1.0;
				PRODUCT_BUNDLE_IDENTIFIER = com.donwb.BeachRampTVTests;
				PRODUCT_NAME = "$(TARGET_NAME)";
				SDKROOT = appletvos;
				STRING_CATALOG_GENERATE_SYMBOLS = NO;
				SWIFT_APPROACHABLE_CONCURRENCY = YES;
				SWIFT_EMIT_LOC_STRINGS = NO;
				SWIFT_UPCOMING_FEATURE_MEMBER_IMPORT_VISIBILITY = YES;
				SWIFT_VERSION = 5.0;
				TARGETED_DEVICE_FAMILY = 3;
				TEST_HOST = "$(BUILT_PRODUCTS_DIR)/BeachRampTV.app/$(BUNDLE_EXECUTABLE_FOLDER_PATH)/BeachRampTV";
				TVOS_DEPLOYMENT_TARGET = 26.2;
				VALIDATE_PRODUCT = YES;
			};
			name = Release;
		};
		ED1D18562F619814000604A1 /* Debug */ = {
			isa = XCBuildConfiguration;
			buildSettings = {
				CODE_SIGN_STYLE = Automatic;
				CURRENT_PROJECT_VERSION = 1;
				DEVELOPMENT_TEAM = YR2B55YA56;
				GENERATE_INFOPLIST_FILE = YES;
				MARKETING_VERSION = 1.0;
				PRODUCT_BUNDLE_IDENTIFIER = com.donwb.BeachRampTVUITests;
				PRODUCT_NAME = "$(TARGET_NAME)";
				SDKROOT = appletvos;
				STRING_CATALOG_GENERATE_SYMBOLS = NO;
				SWIFT_APPROACHABLE_CONCURRENCY = YES;
				SWIFT_EMIT_LOC_STRINGS = NO;
				SWIFT_UPCOMING_FEATURE_MEMBER_IMPORT_VISIBILITY = YES;
				SWIFT_VERSION = 5.0;
				TARGETED_DEVICE_FAMILY = 3;
				TEST_TARGET_NAME = BeachRampTV;
				TVOS_DEPLOYMENT_TARGET = 26.2;
			};
			name = Debug;
		};
		ED1D18572F619814000604A1 /* Release */ = {
			isa = XCBuildConfiguration;
			buildSettings = {
				CODE_SIGN_STYLE = Automatic;
				CURRENT_PROJECT_VERSION = 1;
				DEVELOPMENT_TEAM = YR2B55YA56;
				GENERATE_INFOPLIST_FILE = YES;
				MARKETING_VERSION = 1.0;
				PRODUCT_BUNDLE_IDENTIFIER = com.donwb.BeachRampTVUITests;
				PRODUCT_NAME = "$(TARGET_NAME)";
				SDKROOT = appletvos;
				STRING_CATALOG_GENERATE_SYMBOLS = NO;
				SWIFT_APPROACHABLE_CONCURRENCY = YES;
				SWIFT_EMIT_LOC_STRINGS = NO;
				SWIFT_UPCOMING_FEATURE_MEMBER_IMPORT_VISIBILITY = YES;
				SWIFT_VERSION = 5.0;
				TARGETED_DEVICE_FAMILY = 3;
				TEST_TARGET_NAME = BeachRampTV;
				TVOS_DEPLOYMENT_TARGET = 26.2;
				VALIDATE_PRODUCT = YES;
			};
			name = Release;
		};
		ED76812D2F60ADF500B251E5 /* Debug */ = {
			isa = XCBuildConfiguration;
			buildSettings = {
				ALWAYS_SEARCH_USER_PATHS = NO;
				ASSETCATALOG_COMPILER_GENERATE_SWIFT_ASSET_SYMBOL_EXTENSIONS = YES;
				CLANG_ANALYZER_NONNULL = YES;
				CLANG_ANALYZER_NUMBER_OBJECT_CONVERSION = YES_AGGRESSIVE;
				CLANG_CXX_LANGUAGE_STANDARD = "gnu++20";
				CLANG_ENABLE_MODULES = YES;
				CLANG_ENABLE_OBJC_ARC = YES;
				CLANG_ENABLE_OBJC_WEAK = YES;
				CLANG_WARN_BLOCK_CAPTURE_AUTORELEASING = YES;
				CLANG_WARN_BOOL_CONVERSION = YES;
				CLANG_WARN_COMMA = YES;
				CLANG_WARN_CONSTANT_CONVERSION = YES;
				CLANG_WARN_DEPRECATED_OBJC_IMPLEMENTATIONS = YES;
				CLANG_WARN_DIRECT_OBJC_ISA_USAGE = YES_ERROR;
				CLANG_WARN_DOCUMENTATION_COMMENTS = YES;
				CLANG_WARN_EMPTY_BODY = YES;
				CLANG_WARN_ENUM_CONVERSION = YES;
				CLANG_WARN_INFINITE_RECURSION = YES;
				CLANG_WARN_INT_CONVERSION = YES;
				CLANG_WARN_NON_LITERAL_NULL_CONVERSION = YES;
				CLANG_WARN_OBJC_IMPLICIT_RETAIN_SELF = YES;
				CLANG_WARN_OBJC_LITERAL_CONVERSION = YES;
				CLANG_WARN_OBJC_ROOT_CLASS = YES_ERROR;
				CLANG_WARN_QUOTED_INCLUDE_IN_FRAMEWORK_HEADER = YES;
				CLANG_WARN_RANGE_LOOP_ANALYSIS = YES;
				CLANG_WARN_STRICT_PROTOTYPES = YES;
				CLANG_WARN_SUSPICIOUS_MOVE = YES;
				CLANG_WARN_UNGUARDED_AVAILABILITY = YES_AGGRESSIVE;
				CLANG_WARN_UNREACHABLE_CODE = YES;
				CLANG_WARN__DUPLICATE_METHOD_MATCH = YES;
				COPY_PHASE_STRIP = NO;
				DEBUG_INFORMATION_FORMAT = dwarf;
				DEVELOPMENT_TEAM = YR2B55YA56;
				ENABLE_STRICT_OBJC_MSGSEND = YES;
				ENABLE_TESTABILITY = YES;
				ENABLE_USER_SCRIPT_SANDBOXING = YES;
				GCC_C_LANGUAGE_STANDARD = gnu17;
				GCC_DYNAMIC_NO_PIC = NO;
				GCC_NO_COMMON_BLOCKS = YES;
				GCC_OPTIMIZATION_LEVEL = 0;
				GCC_PREPROCESSOR_DEFINITIONS = (
					"DEBUG=1",
					"$(inherited)",
				);
				GCC_WARN_64_TO_32_BIT_CONVERSION = YES;
				GCC_WARN_ABOUT_RETURN_TYPE = YES_ERROR;
				GCC_WARN_UNDECLARED_SELECTOR = YES;
				GCC_WARN_UNINITIALIZED_AUTOS = YES_AGGRESSIVE;
				GCC_WARN_UNUSED_FUNCTION = YES;
				GCC_WARN_UNUSED_VARIABLE = YES;
				LOCALIZATION_PREFERS_STRING_CATALOGS = YES;
				MTL_ENABLE_DEBUG_INFO = INCLUDE_SOURCE;
				MTL_FAST_MATH = YES;
				ONLY_ACTIVE_ARCH = YES;
				SWIFT_ACTIVE_COMPILATION_CONDITIONS = "DEBUG $(inherited)";
				SWIFT_OPTIMIZATION_LEVEL = "-Onone";
			};
			name = Debug;
		};
		ED76812E2F60ADF500B251E5 /* Release */ = {
			isa = XCBuildConfiguration;
			buildSettings = {
				ALWAYS_SEARCH_USER_PATHS = NO;
				ASSETCATALOG_COMPILER_GENERATE_SWIFT_ASSET_SYMBOL_EXTENSIONS = YES;
				CLANG_ANALYZER_NONNULL = YES;
				CLANG_ANALYZER_NUMBER_OBJECT_CONVERSION = YES_AGGRESSIVE;
				CLANG_CXX_LANGUAGE_STANDARD = "gnu++20";
				CLANG_ENABLE_MODULES = YES;
				CLANG_ENABLE_OBJC_ARC = YES;
				CLANG_ENABLE_OBJC_WEAK = YES;
				CLANG_WARN_BLOCK_CAPTURE_AUTORELEASING = YES;
				CLANG_WARN_BOOL_CONVERSION = YES;
				CLANG_WARN_COMMA = YES;
				CLANG_WARN_CONSTANT_CONVERSION = YES;
				CLANG_WARN_DEPRECATED_OBJC_IMPLEMENTATIONS = YES;
				CLANG_WARN_DIRECT_OBJC_ISA_USAGE = YES_ERROR;
				CLANG_WARN_DOCUMENTATION_COMMENTS = YES;
				CLANG_WARN_EMPTY_BODY = YES;
				CLANG_WARN_ENUM_CONVERSION = YES;
				CLANG_WARN_INFINITE_RECURSION = YES;
				CLANG_WARN_INT_CONVERSION = YES;
				CLANG_WARN_NON_LITERAL_NULL_CONVERSION = YES;
				CLANG_WARN_OBJC_IMPLICIT_RETAIN_SELF = YES;
				CLANG_WARN_OBJC_LITERAL_CONVERSION = YES;
				CLANG_WARN_OBJC_ROOT_CLASS = YES_ERROR;
				CLANG_WARN_QUOTED_INCLUDE_IN_FRAMEWORK_HEADER = YES;
				CLANG_WARN_RANGE_LOOP_ANALYSIS = YES;
				CLANG_WARN_STRICT_PROTOTYPES = YES;
				CLANG_WARN_SUSPICIOUS_MOVE = YES;
				CLANG_WARN_UNGUARDED_AVAILABILITY = YES_AGGRESSIVE;
				CLANG_WARN_UNREACHABLE_CODE = YES;
				CLANG_WARN__DUPLICATE_METHOD_MATCH = YES;
				COPY_PHASE_STRIP = NO;
				DEBUG_INFORMATION_FORMAT = "dwarf-with-dsym";
				DEVELOPMENT_TEAM = YR2B55YA56;
				ENABLE_NS_ASSERTIONS = NO;
				ENABLE_STRICT_OBJC_MSGSEND = YES;
				ENABLE_USER_SCRIPT_SANDBOXING = YES;
				GCC_C_LANGUAGE_STANDARD = gnu17;
				GCC_NO_COMMON_BLOCKS = YES;
				GCC_WARN_64_TO_32_BIT_CONVERSION = YES;
				GCC_WARN_ABOUT_RETURN_TYPE = YES_ERROR;
				GCC_WARN_UNDECLARED_SELECTOR = YES;
				GCC_WARN_UNINITIALIZED_AUTOS = YES_AGGRESSIVE;
				GCC_WARN_UNUSED_FUNCTION = YES;
				GCC_WARN_UNUSED_VARIABLE = YES;
				LOCALIZATION_PREFERS_STRING_CATALOGS = YES;
				MTL_ENABLE_DEBUG_INFO = NO;
				MTL_FAST_MATH = YES;
				SWIFT_COMPILATION_MODE = wholemodule;
			};
			name = Release;
		};
		ED7681302F60ADF500B251E5 /* Debug */ = {
			isa = XCBuildConfiguration;
			buildSettings = {
				ASSETCATALOG_COMPILER_APPICON_NAME = AppIcon;
				ASSETCATALOG_COMPILER_GLOBAL_ACCENT_COLOR_NAME = AccentColor;
				CODE_SIGN_STYLE = Automatic;
				CURRENT_PROJECT_VERSION = 1;
				DEVELOPMENT_TEAM = YR2B55YA56;
				ENABLE_APP_SANDBOX = YES;
				ENABLE_HARDENED_RUNTIME = YES;
				ENABLE_PREVIEWS = YES;
				ENABLE_USER_SELECTED_FILES = readonly;
				GENERATE_INFOPLIST_FILE = YES;
				"INFOPLIST_KEY_UIApplicationSceneManifest_Generation[sdk=iphoneos*]" = YES;
				"INFOPLIST_KEY_UIApplicationSceneManifest_Generation[sdk=iphonesimulator*]" = YES;
				"INFOPLIST_KEY_UIApplicationSupportsIndirectInputEvents[sdk=iphoneos*]" = YES;
				"INFOPLIST_KEY_UIApplicationSupportsIndirectInputEvents[sdk=iphonesimulator*]" = YES;
				"INFOPLIST_KEY_UILaunchScreen_Generation[sdk=iphoneos*]" = YES;
				"INFOPLIST_KEY_UILaunchScreen_Generation[sdk=iphonesimulator*]" = YES;
				"INFOPLIST_KEY_UIStatusBarStyle[sdk=iphoneos*]" = UIStatusBarStyleDefault;
				"INFOPLIST_KEY_UIStatusBarStyle[sdk=iphonesimulator*]" = UIStatusBarStyleDefault;
				INFOPLIST_KEY_UISupportedInterfaceOrientations_iPad = "UIInterfaceOrientationPortrait UIInterfaceOrientationPortraitUpsideDown UIInterfaceOrientationLandscapeLeft UIInterfaceOrientationLandscapeRight";
				INFOPLIST_KEY_UISupportedInterfaceOrientations_iPhone = "UIInterfaceOrientationPortrait UIInterfaceOrientationLandscapeLeft UIInterfaceOrientationLandscapeRight";
				IPHONEOS_DEPLOYMENT_TARGET = 26.2;
				LD_RUNPATH_SEARCH_PATHS = "@executable_path/Frameworks";
				"LD_RUNPATH_SEARCH_PATHS[sdk=macosx*]" = "@executable_path/../Frameworks";
				MACOSX_DEPLOYMENT_TARGET = 26.2;
				MARKETING_VERSION = 1.0;
				PRODUCT_BUNDLE_IDENTIFIER = com.donwb.BeachRamp;
				PRODUCT_NAME = "$(TARGET_NAME)";
				REGISTER_APP_GROUPS = YES;
				SDKROOT = auto;
				STRING_CATALOG_GENERATE_SYMBOLS = YES;
				SUPPORTED_PLATFORMS = "iphoneos iphonesimulator macosx xros xrsimulator";
				SWIFT_APPROACHABLE_CONCURRENCY = YES;
				SWIFT_DEFAULT_ACTOR_ISOLATION = MainActor;
				SWIFT_EMIT_LOC_STRINGS = YES;
				SWIFT_UPCOMING_FEATURE_MEMBER_IMPORT_VISIBILITY = YES;
				SWIFT_VERSION = 5.0;
				TARGETED_DEVICE_FAMILY = "1,2,7";
				XROS_DEPLOYMENT_TARGET = 26.2;
			};
			name = Debug;
		};
		ED7681312F60ADF500B251E5 /* Release */ = {
			isa = XCBuildConfiguration;
			buildSettings = {
				ASSETCATALOG_COMPILER_APPICON_NAME = AppIcon;
				ASSETCATALOG_COMPILER_GLOBAL_ACCENT_COLOR_NAME = AccentColor;
				CODE_SIGN_STYLE = Automatic;
				CURRENT_PROJECT_VERSION = 1;
				DEVELOPMENT_TEAM = YR2B55YA56;
				ENABLE_APP_SANDBOX = YES;
				ENABLE_HARDENED_RUNTIME = YES;
				ENABLE_PREVIEWS = YES;
				ENABLE_USER_SELECTED_FILES = readonly;
				GENERATE_INFOPLIST_FILE = YES;
				"INFOPLIST_KEY_UIApplicationSceneManifest_Generation[sdk=iphoneos*]" = YES;
				"INFOPLIST_KEY_UIApplicationSceneManifest_Generation[sdk=iphonesimulator*]" = YES;
				"INFOPLIST_KEY_UIApplicationSupportsIndirectInputEvents[sdk=iphoneos*]" = YES;
				"INFOPLIST_KEY_UIApplicationSupportsIndirectInputEvents[sdk=iphonesimulator*]" = YES;
				"INFOPLIST_KEY_UILaunchScreen_Generation[sdk=iphoneos*]" = YES;
				"INFOPLIST_KEY_UILaunchScreen_Generation[sdk=iphonesimulator*]" = YES;
				"INFOPLIST_KEY_UIStatusBarStyle[sdk=iphoneos*]" = UIStatusBarStyleDefault;
				"INFOPLIST_KEY_UIStatusBarStyle[sdk=iphonesimulator*]" = UIStatusBarStyleDefault;
				INFOPLIST_KEY_UISupportedInterfaceOrientations_iPad = "UIInterfaceOrientationPortrait UIInterfaceOrientationPortraitUpsideDown UIInterfaceOrientationLandscapeLeft UIInterfaceOrientationLandscapeRight";
				INFOPLIST_KEY_UISupportedInterfaceOrientations_iPhone = "UIInterfaceOrientationPortrait UIInterfaceOrientationLandscapeLeft UIInterfaceOrientationLandscapeRight";
				IPHONEOS_DEPLOYMENT_TARGET = 26.2;
				LD_RUNPATH_SEARCH_PATHS = "@executable_path/Frameworks";
				"LD_RUNPATH_SEARCH_PATHS[sdk=macosx*]" = "@executable_path/../Frameworks";
				MACOSX_DEPLOYMENT_TARGET = 26.2;
				MARKETING_VERSION = 1.0;
				PRODUCT_BUNDLE_IDENTIFIER = com.donwb.BeachRamp;
				PRODUCT_NAME = "$(TARGET_NAME)";
				REGISTER_APP_GROUPS = YES;
				SDKROOT = auto;
				STRING_CATALOG_GENERATE_SYMBOLS = YES;
				SUPPORTED_PLATFORMS = "iphoneos iphonesimulator macosx xros xrsimulator";
				SWIFT_APPROACHABLE_CONCURRENCY = YES;
				SWIFT_DEFAULT_ACTOR_ISOLATION = MainActor;
				SWIFT_EMIT_LOC_STRINGS = YES;
				SWIFT_UPCOMING_FEATURE_MEMBER_IMPORT_VISIBILITY = YES;
				SWIFT_VERSION = 5.0;
				TARGETED_DEVICE_FAMILY = "1,2,7";
				XROS_DEPLOYMENT_TARGET = 26.2;
			};
			name = Release;
		};
		ED7681332F60ADF500B251E5 /* Debug */ = {
			isa = XCBuildConfiguration;
			buildSettings = {
				BUNDLE_LOADER = "$(TEST_HOST)";
				CODE_SIGN_STYLE = Automatic;
				CURRENT_PROJECT_VERSION = 1;
				DEVELOPMENT_TEAM = YR2B55YA56;
				GENERATE_INFOPLIST_FILE = YES;
				IPHONEOS_DEPLOYMENT_TARGET = 26.2;
				MACOSX_DEPLOYMENT_TARGET = 26.2;
				MARKETING_VERSION = 1.0;
				PRODUCT_BUNDLE_IDENTIFIER = com.donwb.BeachRampTests;
				PRODUCT_NAME = "$(TARGET_NAME)";
				SDKROOT = auto;
				STRING_CATALOG_GENERATE_SYMBOLS = NO;
				SUPPORTED_PLATFORMS = "iphoneos iphonesimulator macosx xros xrsimulator";
				SWIFT_APPROACHABLE_CONCURRENCY = YES;
				SWIFT_EMIT_LOC_STRINGS = NO;
				SWIFT_UPCOMING_FEATURE_MEMBER_IMPORT_VISIBILITY = YES;
				SWIFT_VERSION = 5.0;
				TARGETED_DEVICE_FAMILY = "1,2,7";
				TEST_HOST = "$(BUILT_PRODUCTS_DIR)/BeachRamp.app/$(BUNDLE_EXECUTABLE_FOLDER_PATH)/BeachRamp";
				XROS_DEPLOYMENT_TARGET = 26.2;
			};
			name = Debug;
		};
		ED7681342F60ADF500B251E5 /* Release */ = {
			isa = XCBuildConfiguration;
			buildSettings = {
				BUNDLE_LOADER = "$(TEST_HOST)";
				CODE_SIGN_STYLE = Automatic;
				CURRENT_PROJECT_VERSION = 1;
				DEVELOPMENT_TEAM = YR2B55YA56;
				GENERATE_INFOPLIST_FILE = YES;
				IPHONEOS_DEPLOYMENT_TARGET = 26.2;
				MACOSX_DEPLOYMENT_TARGET = 26.2;
				MARKETING_VERSION = 1.0;
				PRODUCT_BUNDLE_IDENTIFIER = com.donwb.BeachRampTests;
				PRODUCT_NAME = "$(TARGET_NAME)";
				SDKROOT = auto;
				STRING_CATALOG_GENERATE_SYMBOLS = NO;
				SUPPORTED_PLATFORMS = "iphoneos iphonesimulator macosx xros xrsimulator";
				SWIFT_APPROACHABLE_CONCURRENCY = YES;
				SWIFT_EMIT_LOC_STRINGS = NO;
				SWIFT_UPCOMING_FEATURE_MEMBER_IMPORT_VISIBILITY = YES;
				SWIFT_VERSION = 5.0;
				TARGETED_DEVICE_FAMILY = "1,2,7";
				TEST_HOST = "$(BUILT_PRODUCTS_DIR)/BeachRamp.app/$(BUNDLE_EXECUTABLE_FOLDER_PATH)/BeachRamp";
				XROS_DEPLOYMENT_TARGET = 26.2;
			};
			name = Release;
		};
		ED7681362F60ADF500B251E5 /* Debug */ = {
			isa = XCBuildConfiguration;
			buildSettings = {
				CODE_SIGN_STYLE = Automatic;
				CURRENT_PROJECT_VERSION = 1;
				DEVELOPMENT_TEAM = YR2B55YA56;
				GENERATE_INFOPLIST_FILE = YES;
				IPHONEOS_DEPLOYMENT_TARGET = 26.2;
				MACOSX_DEPLOYMENT_TARGET = 26.2;
				MARKETING_VERSION = 1.0;
				PRODUCT_BUNDLE_IDENTIFIER = com.donwb.BeachRampUITests;
				PRODUCT_NAME = "$(TARGET_NAME)";
				SDKROOT = auto;
				STRING_CATALOG_GENERATE_SYMBOLS = NO;
				SUPPORTED_PLATFORMS = "iphoneos iphonesimulator macosx xros xrsimulator";
				SWIFT_APPROACHABLE_CONCURRENCY = YES;
				SWIFT_EMIT_LOC_STRINGS = NO;
				SWIFT_UPCOMING_FEATURE_MEMBER_IMPORT_VISIBILITY = YES;
				SWIFT_VERSION = 5.0;
				TARGETED_DEVICE_FAMILY = "1,2,7";
				TEST_TARGET_NAME = BeachRamp;
				XROS_DEPLOYMENT_TARGET = 26.2;
			};
			name = Debug;
		};
		ED7681372F60ADF500B251E5 /* Release */ = {
			isa = XCBuildConfiguration;
			buildSettings = {
				CODE_SIGN_STYLE = Automatic;
				CURRENT_PROJECT_VERSION = 1;
				DEVELOPMENT_TEAM = YR2B55YA56;
				GENERATE_INFOPLIST_FILE = YES;
				IPHONEOS_DEPLOYMENT_TARGET = 26.2;
				MACOSX_DEPLOYMENT_TARGET = 26.2;
				MARKETING_VERSION = 1.0;
				PRODUCT_BUNDLE_IDENTIFIER = com.donwb.BeachRampUITests;
				PRODUCT_NAME = "$(TARGET_NAME)";
				SDKROOT = auto;
				STRING_CATALOG_GENERATE_SYMBOLS = NO;
				SUPPORTED_PLATFORMS = "iphoneos iphonesimulator macosx xros xrsimulator";
				SWIFT_APPROACHABLE_CONCURRENCY = YES;
				SWIFT_EMIT_LOC_STRINGS = NO;
				SWIFT_UPCOMING_FEATURE_MEMBER_IMPORT_VISIBILITY = YES;
				SWIFT_VERSION = 5.0;
				TARGETED_DEVICE_FAMILY = "1,2,7";
				TEST_TARGET_NAME = BeachRamp;
				XROS_DEPLOYMENT_TARGET = 26.2;
			};
			name = Release;
		};
/* End XCBuildConfiguration section */

/* Begin XCConfigurationList section */
		ED1D18272F6197E8000604A1 /* Build configuration list for PBXNativeTarget "BeachRampWatch Watch App" */ = {
			isa = XCConfigurationList;
			buildConfigurations = (
				ED1D18212F6197E8000604A1 /* Debug */,
				ED1D18222F6197E8000604A1 /* Release */,
			);
			defaultConfigurationIsVisible = 0;
			defaultConfigurationName = Release;
		};
		ED1D18282F6197E8000604A1 /* Build configuration list for PBXNativeTarget "BeachRampWatch" */ = {
			isa = XCConfigurationList;
			buildConfigurations = (
				ED1D181E2F6197E8000604A1 /* Debug */,
				ED1D181F2F6197E8000604A1 /* Release */,
			);
			defaultConfigurationIsVisible = 0;
			defaultConfigurationName = Release;
		};
		ED1D18292F6197E8000604A1 /* Build configuration list for PBXNativeTarget "BeachRampWatch Watch AppTests" */ = {
			isa = XCConfigurationList;
			buildConfigurations = (
				ED1D18232F6197E8000604A1 /* Debug */,
				ED1D18242F6197E8000604A1 /* Release */,
			);
			defaultConfigurationIsVisible = 0;
			defaultConfigurationName = Release;
		};
		ED1D182A2F6197E8000604A1 /* Build configuration list for PBXNativeTarget "BeachRampWatch Watch AppUITests" */ = {
			isa = XCConfigurationList;
			buildConfigurations = (
				ED1D18252F6197E8000604A1 /* Debug */,
				ED1D18262F6197E8000604A1 /* Release */,
			);
			defaultConfigurationIsVisible = 0;
			defaultConfigurationName = Release;
		};
		ED1D184F2F619814000604A1 /* Build configuration list for PBXNativeTarget "BeachRampTV" */ = {
			isa = XCConfigurationList;
			buildConfigurations = (
				ED1D18502F619814000604A1 /* Debug */,
				ED1D18512F619814000604A1 /* Release */,
			);
			defaultConfigurationIsVisible = 0;
			defaultConfigurationName = Release;
		};
		ED1D18522F619814000604A1 /* Build configuration list for PBXNativeTarget "BeachRampTVTests" */ = {
			isa = XCConfigurationList;
			buildConfigurations = (
				ED1D18532F619814000604A1 /* Debug */,
				ED1D18542F619814000604A1 /* Release */,
			);
			defaultConfigurationIsVisible = 0;
			defaultConfigurationName = Release;
		};
		ED1D18552F619814000604A1 /* Build configuration list for PBXNativeTarget "BeachRampTVUITests" */ = {
			isa = XCConfigurationList;
			buildConfigurations = (
				ED1D18562F619814000604A1 /* Debug */,
				ED1D18572F619814000604A1 /* Release */,
			);
			defaultConfigurationIsVisible = 0;
			defaultConfigurationName = Release;
		};
		ED7681072F60ADF300B251E5 /* Build configuration list for PBXProject "BeachRamp" */ = {
			isa = XCConfigurationList;
			buildConfigurations = (
				ED76812D2F60ADF500B251E5 /* Debug */,
				ED76812E2F60ADF500B251E5 /* Release */,
			);
			defaultConfigurationIsVisible = 0;
			defaultConfigurationName = Release;
		};
		ED76812F2F60ADF500B251E5 /* Build configuration list for PBXNativeTarget "BeachRamp" */ = {
			isa = XCConfigurationList;
			buildConfigurations = (
				ED7681302F60ADF500B251E5 /* Debug */,
				ED7681312F60ADF500B251E5 /* Release */,
			);
			defaultConfigurationIsVisible = 0;
			defaultConfigurationName = Release;
		};
		ED7681322F60ADF500B251E5 /* Build configuration list for PBXNativeTarget "BeachRampTests" */ = {
			isa = XCConfigurationList;
			buildConfigurations = (
				ED7681332F60ADF500B251E5 /* Debug */,
				ED7681342F60ADF500B251E5 /* Release */,
			);
			defaultConfigurationIsVisible = 0;
			defaultConfigurationName = Release;
		};
		ED7681352F60ADF500B251E5 /* Build configuration list for PBXNativeTarget "BeachRampUITests" */ = {
			isa = XCConfigurationList;
			buildConfigurations = (
				ED7681362F60ADF500B251E5 /* Debug */,
				ED7681372F60ADF500B251E5 /* Release */,
			);
			defaultConfigurationIsVisible = 0;
			defaultConfigurationName = Release;
		};
/* End XCConfigurationList section */

/* Begin XCLocalSwiftPackageReference section */
		ED76814D2F60B65200B251E5 /* XCLocalSwiftPackageReference "BeachStatus" */ = {
			isa = XCLocalSwiftPackageReference;
			relativePath = BeachStatus;
		};
/* End XCLocalSwiftPackageReference section */

/* Begin XCSwiftPackageProductDependency section */
		ED1D18602F619990000604A1 /* BeachStatus */ = {
			isa = XCSwiftPackageProductDependency;
			package = ED76814D2F60B65200B251E5 /* XCLocalSwiftPackageReference "BeachStatus" */;
			productName = BeachStatus;
		};
		ED1D18622F61999B000604A1 /* BeachStatus */ = {
			isa = XCSwiftPackageProductDependency;
			package = ED76814D2F60B65200B251E5 /* XCLocalSwiftPackageReference "BeachStatus" */;
			productName = BeachStatus;
		};
		ED7681642F60B75400B251E5 /* BeachStatus */ = {
			isa = XCSwiftPackageProductDependency;
			package = ED76814D2F60B65200B251E5 /* XCLocalSwiftPackageReference "BeachStatus" */;
			productName = BeachStatus;
		};
/* End XCSwiftPackageProductDependency section */
	};
	rootObject = ED7681042F60ADF300B251E5 /* Project object */;
}
